
Microsoft Visual Studio Solution File, Format Version 11.00
# Visual Studio 2010
Project("{FAE04EC0-301F-11D3-BF4B-00C04F79EFBC}") = "SponsorMyCamp", "SponsorMyCamp\SponsorMyCamp.csproj", "{633BC9AB-A904-44DE-A509-0B2A6455B41B}"
EndProject
Global
	GlobalSection(SolutionConfigurationPlatforms) = preSolution
		Debug|Any CPU = Debug|Any CPU
		Release|Any CPU = Release|Any CPU
	EndGlobalSection
	GlobalSection(ProjectConfigurationPlatforms) = postSolution
		{633BC9AB-A904-44DE-A509-0B2A6455B41B}.Debug|Any CPU.ActiveCfg = Debug|Any CPU
		{633BC9AB-A904-44DE-A509-0B2A6455B41B}.Debug|Any CPU.Build.0 = Debug|Any CPU
		{633BC9AB-A904-44DE-A509-0B2A6455B41B}.Release|Any CPU.ActiveCfg = Release|Any CPU
		{633BC9AB-A904-44DE-A509-0B2A6455B41B}.Release|Any CPU.Build.0 = Release|Any CPU
	EndGlobalSection
	GlobalSection(SolutionProperties) = preSolution
		HideSolutionNode = FALSE
	EndGlobalSection
EndGlobal
